
Microsoft Visual Studio Solution File, Format Version 12.00
# Visual Studio 15
VisualStudioVersion = 15.0.28307.168
MinimumVisualStudioVersion = 10.0.40219.1
Project("{8BC9CEB8-8B4A-11D0-8D11-00A0C91BC942}") = "Minish Cap", "Minish Cap\Minish Cap.vcxproj", "{9ADEAB12-F37F-493B-8DA8-418798A9254F}"
EndProject
Global
	GlobalSection(SolutionConfigurationPlatforms) = preSolution
		Debug|x64 = Debug|x64
		Debug|x86 = Debug|x86
		Release|x64 = Release|x64
		Release|x86 = Release|x86
	EndGlobalSection
	GlobalSection(ProjectConfigurationPlatforms) = postSolution
		{9ADEAB12-F37F-493B-8DA8-418798A9254F}.Debug|x64.ActiveCfg = Debug|x64
		{9ADEAB12-F37F-493B-8DA8-418798A9254F}.Debug|x64.Build.0 = Debug|x64
		{9ADEAB12-F37F-493B-8DA8-418798A9254F}.Debug|x86.ActiveCfg = Debug|Win32
		{9ADEAB12-F37F-493B-8DA8-418798A9254F}.Debug|x86.Build.0 = Debug|Win32
		{9ADEAB12-F37F-493B-8DA8-418798A9254F}.Release|x64.ActiveCfg = Release|x64
		{9ADEAB12-F37F-493B-8DA8-418798A9254F}.Release|x64.Build.0 = Release|x64
		{9ADEAB12-F37F-493B-8DA8-418798A9254F}.Release|x86.ActiveCfg = Release|Win32
		{9ADEAB12-F37F-493B-8DA8-418798A9254F}.Release|x86.Build.0 = Release|Win32
	EndGlobalSection
	GlobalSection(SolutionProperties) = preSolution
		HideSolutionNode = FALSE
	EndGlobalSection
	GlobalSection(ExtensibilityGlobals) = postSolution
		SolutionGuid = {14EA48D1-D655-49BD-B8CD-9B6B24BA0CBE}
	EndGlobalSection
EndGlobal
